
Microsoft Visual Studio Solution File, Format Version 12.00
# Visual Studio 15
VisualStudioVersion = 15.0.28307.271
MinimumVisualStudioVersion = 10.0.40219.1
Project("{FAE04EC0-301F-11D3-BF4B-00C04F79EFBC}") = "BibleStudyGuide", "BibleStudyGuide\BibleStudyGuide.csproj", "{1FF52DCA-D418-436F-8E1F-B65E3901C4B4}"
EndProject
Project("{FAE04EC0-301F-11D3-BF4B-00C04F79EFBC}") = "BibleStudyGuide.Tests", "BibleStudyGuide.Tests\BibleStudyGuide.Tests.csproj", "{70FE1661-F868-4D0A-A6E0-6A20AA2F9B8E}"
EndProject
Global
	GlobalSection(SolutionConfigurationPlatforms) = preSolution
		Debug|Any CPU = Debug|Any CPU
		Release|Any CPU = Release|Any CPU
	EndGlobalSection
	GlobalSection(ProjectConfigurationPlatforms) = postSolution
		{1FF52DCA-D418-436F-8E1F-B65E3901C4B4}.Debug|Any CPU.ActiveCfg = Debug|Any CPU
		{1FF52DCA-D418-436F-8E1F-B65E3901C4B4}.Debug|Any CPU.Build.0 = Debug|Any CPU
		{1FF52DCA-D418-436F-8E1F-B65E3901C4B4}.Release|Any CPU.ActiveCfg = Release|Any CPU
		{1FF52DCA-D418-436F-8E1F-B65E3901C4B4}.Release|Any CPU.Build.0 = Release|Any CPU
		{70FE1661-F868-4D0A-A6E0-6A20AA2F9B8E}.Debug|Any CPU.ActiveCfg = Debug|Any CPU
		{70FE1661-F868-4D0A-A6E0-6A20AA2F9B8E}.Debug|Any CPU.Build.0 = Debug|Any CPU
		{70FE1661-F868-4D0A-A6E0-6A20AA2F9B8E}.Release|Any CPU.ActiveCfg = Release|Any CPU
		{70FE1661-F868-4D0A-A6E0-6A20AA2F9B8E}.Release|Any CPU.Build.0 = Release|Any CPU
	EndGlobalSection
	GlobalSection(SolutionProperties) = preSolution
		HideSolutionNode = FALSE
	EndGlobalSection
	GlobalSection(ExtensibilityGlobals) = postSolution
		SolutionGuid = {DADAE955-B398-417F-A4BF-E26A710121FE}
	EndGlobalSection
EndGlobal
